
Microsoft Visual Studio Solution File, Format Version 12.00
Project("{FAE04EC0-301F-11D3-BF4B-00C04F79EFBC}") = "ToolsManager.Api", "ToolsManager.Api\ToolsManager.Api.csproj", "{D115EB87-6E9C-4CB0-BF48-1344F4C9FBC0}"
EndProject
Project("{FAE04EC0-301F-11D3-BF4B-00C04F79EFBC}") = "ToolsManager.Abstractions", "ToolsManager.Abstractions\ToolsManager.Abstractions.csproj", "{03883E2B-3C95-4570-9345-1C56C397F67D}"
EndProject
Project("{FAE04EC0-301F-11D3-BF4B-00C04F79EFBC}") = "ToolsManager.Implementations", "ToolsManager.Implementations\ToolsManager.Implementations.csproj", "{321AC8E1-EA6D-462E-B77A-4984E33022FB}"
EndProject
Project("{FAE04EC0-301F-11D3-BF4B-00C04F79EFBC}") = "ToolsManager.Proxy", "ToolsManager.Proxy\ToolsManager.Proxy.csproj", "{A604DB2C-F054-4061-81EF-411EDF634E2B}"
EndProject
Global
	GlobalSection(SolutionConfigurationPlatforms) = preSolution
		Debug|Any CPU = Debug|Any CPU
		Release|Any CPU = Release|Any CPU
	EndGlobalSection
	GlobalSection(ProjectConfigurationPlatforms) = postSolution
		{D115EB87-6E9C-4CB0-BF48-1344F4C9FBC0}.Debug|Any CPU.ActiveCfg = Debug|Any CPU
		{D115EB87-6E9C-4CB0-BF48-1344F4C9FBC0}.Debug|Any CPU.Build.0 = Debug|Any CPU
		{D115EB87-6E9C-4CB0-BF48-1344F4C9FBC0}.Release|Any CPU.ActiveCfg = Release|Any CPU
		{D115EB87-6E9C-4CB0-BF48-1344F4C9FBC0}.Release|Any CPU.Build.0 = Release|Any CPU
		{03883E2B-3C95-4570-9345-1C56C397F67D}.Debug|Any CPU.ActiveCfg = Debug|Any CPU
		{03883E2B-3C95-4570-9345-1C56C397F67D}.Debug|Any CPU.Build.0 = Debug|Any CPU
		{03883E2B-3C95-4570-9345-1C56C397F67D}.Release|Any CPU.ActiveCfg = Release|Any CPU
		{03883E2B-3C95-4570-9345-1C56C397F67D}.Release|Any CPU.Build.0 = Release|Any CPU
		{321AC8E1-EA6D-462E-B77A-4984E33022FB}.Debug|Any CPU.ActiveCfg = Debug|Any CPU
		{321AC8E1-EA6D-462E-B77A-4984E33022FB}.Debug|Any CPU.Build.0 = Debug|Any CPU
		{321AC8E1-EA6D-462E-B77A-4984E33022FB}.Release|Any CPU.ActiveCfg = Release|Any CPU
		{321AC8E1-EA6D-462E-B77A-4984E33022FB}.Release|Any CPU.Build.0 = Release|Any CPU
		{A604DB2C-F054-4061-81EF-411EDF634E2B}.Debug|Any CPU.ActiveCfg = Debug|Any CPU
		{A604DB2C-F054-4061-81EF-411EDF634E2B}.Debug|Any CPU.Build.0 = Debug|Any CPU
		{A604DB2C-F054-4061-81EF-411EDF634E2B}.Release|Any CPU.ActiveCfg = Release|Any CPU
		{A604DB2C-F054-4061-81EF-411EDF634E2B}.Release|Any CPU.Build.0 = Release|Any CPU
	EndGlobalSection
EndGlobal
